
Microsoft Visual Studio Solution File, Format Version 12.00
# Visual Studio Version 17
VisualStudioVersion = 17.3.32825.248
MinimumVisualStudioVersion = 10.0.40219.1
Project("{FAE04EC0-301F-11D3-BF4B-00C04F79EFBC}") = "Lab1", "Lab1\Lab1.csproj", "{FB8C759D-34FF-4830-A2BB-6AE9B816F6A6}"
EndProject
Global
	GlobalSection(SolutionConfigurationPlatforms) = preSolution
		Debug|Any CPU = Debug|Any CPU
		Release|Any CPU = Release|Any CPU
	EndGlobalSection
	GlobalSection(ProjectConfigurationPlatforms) = postSolution
		{FB8C759D-34FF-4830-A2BB-6AE9B816F6A6}.Debug|Any CPU.ActiveCfg = Debug|Any CPU
		{FB8C759D-34FF-4830-A2BB-6AE9B816F6A6}.Debug|Any CPU.Build.0 = Debug|Any CPU
		{FB8C759D-34FF-4830-A2BB-6AE9B816F6A6}.Release|Any CPU.ActiveCfg = Release|Any CPU
		{FB8C759D-34FF-4830-A2BB-6AE9B816F6A6}.Release|Any CPU.Build.0 = Release|Any CPU
	EndGlobalSection
	GlobalSection(SolutionProperties) = preSolution
		HideSolutionNode = FALSE
	EndGlobalSection
	GlobalSection(ExtensibilityGlobals) = postSolution
		SolutionGuid = {576040E3-59BE-4679-B3A6-0F83040727D5}
	EndGlobalSection
EndGlobal
